// !$*UTF8*$!
{
	archiveVersion = 1;
	classes = {
	};
	objectVersion = 56;
	objects = {

/* Begin PBXBuildFile section */
		E3B212352A4BF57C00E8797B /* AppDelegate.swift in Sources */ = {isa = PBXBuildFile; fileRef = E3B212342A4BF57C00E8797B /* AppDelegate.swift */; };
		E3B212372A4BF57C00E8797B /* SceneDelegate.swift in Sources */ = {isa = PBXBuildFile; fileRef = E3B212362A4BF57C00E8797B /* SceneDelegate.swift */; };
		E3B212392A4BF57C00E8797B /* ViewController.swift in Sources */ = {isa = PBXBuildFile; fileRef = E3B212382A4BF57C00E8797B /* ViewController.swift */; };
		E3B2123C2A4BF57C00E8797B /* Main.storyboard in Resources */ = {isa = PBXBuildFile; fileRef = E3B2123A2A4BF57C00E8797B /* Main.storyboard */; };
		E3B2123E2A4BF57C00E8797B /* Assets.xcassets in Resources */ = {isa = PBXBuildFile; fileRef = E3B2123D2A4BF57C00E8797B /* Assets.xcassets */; };
		E3B212412A4BF57C00E8797B /* LaunchScreen.storyboard in Resources */ = {isa = PBXBuildFile; fileRef = E3B2123F2A4BF57C00E8797B /* LaunchScreen.storyboard */; };
		E3B2124E2A4BF6CA00E8797B /* File.png in Resources */ = {isa = PBXBuildFile; fileRef = E3B212492A4BF6CA00E8797B /* File.png */; };
		E3B2124F2A4BF6CA00E8797B /* lamp_off.png in Resources */ = {isa = PBXBuildFile; fileRef = E3B2124A2A4BF6CA00E8797B /* lamp_off.png */; };
		E3B212502A4BF6CA00E8797B /* Pictures32.png in Resources */ = {isa = PBXBuildFile; fileRef = E3B2124B2A4BF6CA00E8797B /* Pictures32.png */; };
		E3B212512A4BF6CA00E8797B /* lamp_on.png in Resources */ = {isa = PBXBuildFile; fileRef = E3B2124C2A4BF6CA00E8797B /* lamp_on.png */; };
		E3B212522A4BF6CA00E8797B /* Calendar32.png in Resources */ = {isa = PBXBuildFile; fileRef = E3B2124D2A4BF6CA00E8797B /* Calendar32.png */; };
		E3B212582A4BF8AF00E8797B /* ImageViewController.swift in Sources */ = {isa = PBXBuildFile; fileRef = E3B212572A4BF8AF00E8797B /* ImageViewController.swift */; };
		E3B2125A2A4BF9AF00E8797B /* DatePickerViewController.swift in Sources */ = {isa = PBXBuildFile; fileRef = E3B212592A4BF9AF00E8797B /* DatePickerViewController.swift */; };
/* End PBXBuildFile section */

/* Begin PBXFileReference section */
		E3B212312A4BF57C00E8797B /* Tab.app */ = {isa = PBXFileReference; explicitFileType = wrapper.application; includeInIndex = 0; path = Tab.app; sourceTree = BUILT_PRODUCTS_DIR; };
		E3B212342A4BF57C00E8797B /* AppDelegate.swift */ = {isa = PBXFileReference; lastKnownFileType = sourcecode.swift; path = AppDelegate.swift; sourceTree = "<group>"; };
		E3B212362A4BF57C00E8797B /* SceneDelegate.swift */ = {isa = PBXFileReference; lastKnownFileType = sourcecode.swift; path = SceneDelegate.swift; sourceTree = "<group>"; };
		E3B212382A4BF57C00E8797B /* ViewController.swift */ = {isa = PBXFileReference; lastKnownFileType = sourcecode.swift; path = ViewController.swift; sourceTree = "<group>"; };
		E3B2123B2A4BF57C00E8797B /* Base */ = {isa = PBXFileReference; lastKnownFileType = file.storyboard; name = Base; path = Base.lproj/Main.storyboard; sourceTree = "<group>"; };
		E3B2123D2A4BF57C00E8797B /* Assets.xcassets */ = {isa = PBXFileReference; lastKnownFileType = folder.assetcatalog; path = Assets.xcassets; sourceTree = "<group>"; };
		E3B212402A4BF57C00E8797B /* Base */ = {isa = PBXFileReference; lastKnownFileType = file.storyboard; name = Base; path = Base.lproj/LaunchScreen.storyboard; sourceTree = "<group>"; };
		E3B212422A4BF57C00E8797B /* Info.plist */ = {isa = PBXFileReference; lastKnownFileType = text.plist.xml; path = Info.plist; sourceTree = "<group>"; };
		E3B212492A4BF6CA00E8797B /* File.png */ = {isa = PBXFileReference; lastKnownFileType = image.png; path = File.png; sourceTree = "<group>"; };
		E3B2124A2A4BF6CA00E8797B /* lamp_off.png */ = {isa = PBXFileReference; lastKnownFileType = image.png; path = lamp_off.png; sourceTree = "<group>"; };
		E3B2124B2A4BF6CA00E8797B /* Pictures32.png */ = {isa = PBXFileReference; lastKnownFileType = image.png; path = Pictures32.png; sourceTree = "<group>"; };
		E3B2124C2A4BF6CA00E8797B /* lamp_on.png */ = {isa = PBXFileReference; lastKnownFileType = image.png; path = lamp_on.png; sourceTree = "<group>"; };
		E3B2124D2A4BF6CA00E8797B /* Calendar32.png */ = {isa = PBXFileReference; lastKnownFileType = image.png; path = Calendar32.png; sourceTree = "<group>"; };
		E3B212572A4BF8AF00E8797B /* ImageViewController.swift */ = {isa = PBXFileReference; fileEncoding = 4; lastKnownFileType = sourcecode.swift; path = ImageViewController.swift; sourceTree = "<group>"; };
		E3B212592A4BF9AF00E8797B /* DatePickerViewController.swift */ = {isa = PBXFileReference; fileEncoding = 4; lastKnownFileType = sourcecode.swift; path = DatePickerViewController.swift; sourceTree = "<group>"; };
/* End PBXFileReference section */

/* Begin PBXFrameworksBuildPhase section */
		E3B2122E2A4BF57C00E8797B /* Frameworks */ = {
			isa = PBXFrameworksBuildPhase;
			buildActionMask = 2147483647;
			files = (
			);
			runOnlyForDeploymentPostprocessing = 0;
		};
/* End PBXFrameworksBuildPhase section */

/* Begin PBXGroup section */
		E3B212282A4BF57C00E8797B = {
			isa = PBXGroup;
			children = (
				E3B212332A4BF57C00E8797B /* Tab */,
				E3B212322A4BF57C00E8797B /* Products */,
			);
			sourceTree = "<group>";
		};
		E3B212322A4BF57C00E8797B /* Products */ = {
			isa = PBXGroup;
			children = (
				E3B212312A4BF57C00E8797B /* Tab.app */,
			);
			name = Products;
			sourceTree = "<group>";
		};
		E3B212332A4BF57C00E8797B /* Tab */ = {
			isa = PBXGroup;
			children = (
				E3B212342A4BF57C00E8797B /* AppDelegate.swift */,
				E3B2123D2A4BF57C00E8797B /* Assets.xcassets */,
				E3B212482A4BF6A200E8797B /* Images */,
				E3B212422A4BF57C00E8797B /* Info.plist */,
				E3B2123F2A4BF57C00E8797B /* LaunchScreen.storyboard */,
				E3B2123A2A4BF57C00E8797B /* Main.storyboard */,
				E3B212362A4BF57C00E8797B /* SceneDelegate.swift */,
				E3B212382A4BF57C00E8797B /* ViewController.swift */,
				E3B212572A4BF8AF00E8797B /* ImageViewController.swift */,
				E3B212592A4BF9AF00E8797B /* DatePickerViewController.swift */,
			);
			path = Tab;
			sourceTree = "<group>";
		};
		E3B212482A4BF6A200E8797B /* Images */ = {
			isa = PBXGroup;
			children = (
				E3B2124D2A4BF6CA00E8797B /* Calendar32.png */,
				E3B212492A4BF6CA00E8797B /* File.png */,
				E3B2124A2A4BF6CA00E8797B /* lamp_off.png */,
				E3B2124C2A4BF6CA00E8797B /* lamp_on.png */,
				E3B2124B2A4BF6CA00E8797B /* Pictures32.png */,
			);
			path = Images;
			sourceTree = "<group>";
		};
/* End PBXGroup section */

/* Begin PBXNativeTarget section */
		E3B212302A4BF57C00E8797B /* Tab */ = {
			isa = PBXNativeTarget;
			buildConfigurationList = E3B212452A4BF57C00E8797B /* Build configuration list for PBXNativeTarget "Tab" */;
			buildPhases = (
				E3B2122D2A4BF57C00E8797B /* Sources */,
				E3B2122E2A4BF57C00E8797B /* Frameworks */,
				E3B2122F2A4BF57C00E8797B /* Resources */,
			);
			buildRules = (
			);
			dependencies = (
			);
			name = Tab;
			productName = Tab;
			productReference = E3B212312A4BF57C00E8797B /* Tab.app */;
			productType = "com.apple.product-type.application";
		};
/* End PBXNativeTarget section */

/* Begin PBXProject section */
		E3B212292A4BF57C00E8797B /* Project object */ = {
			isa = PBXProject;
			attributes = {
				BuildIndependentTargetsInParallel = 1;
				LastSwiftUpdateCheck = 1430;
				LastUpgradeCheck = 1430;
				TargetAttributes = {
					E3B212302A4BF57C00E8797B = {
						CreatedOnToolsVersion = 14.3.1;
					};
				};
			};
			buildConfigurationList = E3B2122C2A4BF57C00E8797B /* Build configuration list for PBXProject "Tab" */;
			compatibilityVersion = "Xcode 14.0";
			developmentRegion = en;
			hasScannedForEncodings = 0;
			knownRegions = (
				en,
				Base,
			);
			mainGroup = E3B212282A4BF57C00E8797B;
			productRefGroup = E3B212322A4BF57C00E8797B /* Products */;
			projectDirPath = "";
			projectRoot = "";
			targets = (
				E3B212302A4BF57C00E8797B /* Tab */,
			);
		};
/* End PBXProject section */

/* Begin PBXResourcesBuildPhase section */
		E3B2122F2A4BF57C00E8797B /* Resources */ = {
			isa = PBXResourcesBuildPhase;
			buildActionMask = 2147483647;
			files = (
				E3B212522A4BF6CA00E8797B /* Calendar32.png in Resources */,
				E3B212412A4BF57C00E8797B /* LaunchScreen.storyboard in Resources */,
				E3B2123E2A4BF57C00E8797B /* Assets.xcassets in Resources */,
				E3B2124F2A4BF6CA00E8797B /* lamp_off.png in Resources */,
				E3B2123C2A4BF57C00E8797B /* Main.storyboard in Resources */,
				E3B2124E2A4BF6CA00E8797B /* File.png in Resources */,
				E3B212502A4BF6CA00E8797B /* Pictures32.png in Resources */,
				E3B212512A4BF6CA00E8797B /* lamp_on.png in Resources */,
			);
			runOnlyForDeploymentPostprocessing = 0;
		};
/* End PBXResourcesBuildPhase section */

/* Begin PBXSourcesBuildPhase section */
		E3B2122D2A4BF57C00E8797B /* Sources */ = {
			isa = PBXSourcesBuildPhase;
			buildActionMask = 2147483647;
			files = (
				E3B212392A4BF57C00E8797B /* ViewController.swift in Sources */,
				E3B2125A2A4BF9AF00E8797B /* DatePickerViewController.swift in Sources */,
				E3B212352A4BF57C00E8797B /* AppDelegate.swift in Sources */,
				E3B212582A4BF8AF00E8797B /* ImageViewController.swift in Sources */,
				E3B212372A4BF57C00E8797B /* SceneDelegate.swift in Sources */,
			);
			runOnlyForDeploymentPostprocessing = 0;
		};
/* End PBXSourcesBuildPhase section */

/* Begin PBXVariantGroup section */
		E3B2123A2A4BF57C00E8797B /* Main.storyboard */ = {
			isa = PBXVariantGroup;
			children = (
				E3B2123B2A4BF57C00E8797B /* Base */,
			);
			name = Main.storyboard;
			sourceTree = "<group>";
		};
		E3B2123F2A4BF57C00E8797B /* LaunchScreen.storyboard */ = {
			isa = PBXVariantGroup;
			children = (
				E3B212402A4BF57C00E8797B /* Base */,
			);
			name = LaunchScreen.storyboard;
			sourceTree = "<group>";
		};
/* End PBXVariantGroup section */

/* Begin XCBuildConfiguration section */
		E3B212432A4BF57C00E8797B /* Debug */ = {
			isa = XCBuildConfiguration;
			buildSettings = {
				ALWAYS_SEARCH_USER_PATHS = NO;
				CLANG_ANALYZER_NONNULL = YES;
				CLANG_ANALYZER_NUMBER_OBJECT_CONVERSION = YES_AGGRESSIVE;
				CLANG_CXX_LANGUAGE_STANDARD = "gnu++20";
				CLANG_ENABLE_MODULES = YES;
				CLANG_ENABLE_OBJC_ARC = YES;
				CLANG_ENABLE_OBJC_WEAK = YES;
				CLANG_WARN_BLOCK_CAPTURE_AUTORELEASING = YES;
				CLANG_WARN_BOOL_CONVERSION = YES;
				CLANG_WARN_COMMA = YES;
				CLANG_WARN_CONSTANT_CONVERSION = YES;
				CLANG_WARN_DEPRECATED_OBJC_IMPLEMENTATIONS = YES;
				CLANG_WARN_DIRECT_OBJC_ISA_USAGE = YES_ERROR;
				CLANG_WARN_DOCUMENTATION_COMMENTS = YES;
				CLANG_WARN_EMPTY_BODY = YES;
				CLANG_WARN_ENUM_CONVERSION = YES;
				CLANG_WARN_INFINITE_RECURSION = YES;
				CLANG_WARN_INT_CONVERSION = YES;
				CLANG_WARN_NON_LITERAL_NULL_CONVERSION = YES;
				CLANG_WARN_OBJC_IMPLICIT_RETAIN_SELF = YES;
				CLANG_WARN_OBJC_LITERAL_CONVERSION = YES;
				CLANG_WARN_OBJC_ROOT_CLASS = YES_ERROR;
				CLANG_WARN_QUOTED_INCLUDE_IN_FRAMEWORK_HEADER = YES;
				CLANG_WARN_RANGE_LOOP_ANALYSIS = YES;
				CLANG_WARN_STRICT_PROTOTYPES = YES;
				CLANG_WARN_SUSPICIOUS_MOVE = YES;
				CLANG_WARN_UNGUARDED_AVAILABILITY = YES_AGGRESSIVE;
				CLANG_WARN_UNREACHABLE_CODE = YES;
				CLANG_WARN__DUPLICATE_METHOD_MATCH = YES;
				COPY_PHASE_STRIP = NO;
				DEBUG_INFORMATION_FORMAT = dwarf;
				ENABLE_STRICT_OBJC_MSGSEND = YES;
				ENABLE_TESTABILITY = YES;
				GCC_C_LANGUAGE_STANDARD = gnu11;
				GCC_DYNAMIC_NO_PIC = NO;
				GCC_NO_COMMON_BLOCKS = YES;
				GCC_OPTIMIZATION_LEVEL = 0;
				GCC_PREPROCESSOR_DEFINITIONS = (
					"DEBUG=1",
					"$(inherited)",
				);
				GCC_WARN_64_TO_32_BIT_CONVERSION = YES;
				GCC_WARN_ABOUT_RETURN_TYPE = YES_ERROR;
				GCC_WARN_UNDECLARED_SELECTOR = YES;
				GCC_WARN_UNINITIALIZED_AUTOS = YES_AGGRESSIVE;
				GCC_WARN_UNUSED_FUNCTION = YES;
				GCC_WARN_UNUSED_VARIABLE = YES;
				IPHONEOS_DEPLOYMENT_TARGET = 16.4;
				MTL_ENABLE_DEBUG_INFO = INCLUDE_SOURCE;
				MTL_FAST_MATH = YES;
				ONLY_ACTIVE_ARCH = YES;
				SDKROOT = iphoneos;
				SWIFT_ACTIVE_COMPILATION_CONDITIONS = DEBUG;
				SWIFT_OPTIMIZATION_LEVEL = "-Onone";
			};
			name = Debug;
		};
		E3B212442A4BF57C00E8797B /* Release */ = {
			isa = XCBuildConfiguration;
			buildSettings = {
				ALWAYS_SEARCH_USER_PATHS = NO;
				CLANG_ANALYZER_NONNULL = YES;
				CLANG_ANALYZER_NUMBER_OBJECT_CONVERSION = YES_AGGRESSIVE;
				CLANG_CXX_LANGUAGE_STANDARD = "gnu++20";
				CLANG_ENABLE_MODULES = YES;
				CLANG_ENABLE_OBJC_ARC = YES;
				CLANG_ENABLE_OBJC_WEAK = YES;
				CLANG_WARN_BLOCK_CAPTURE_AUTORELEASING = YES;
				CLANG_WARN_BOOL_CONVERSION = YES;
				CLANG_WARN_COMMA = YES;
				CLANG_WARN_CONSTANT_CONVERSION = YES;
				CLANG_WARN_DEPRECATED_OBJC_IMPLEMENTATIONS = YES;
				CLANG_WARN_DIRECT_OBJC_ISA_USAGE = YES_ERROR;
				CLANG_WARN_DOCUMENTATION_COMMENTS = YES;
				CLANG_WARN_EMPTY_BODY = YES;
				CLANG_WARN_ENUM_CONVERSION = YES;
				CLANG_WARN_INFINITE_RECURSION = YES;
				CLANG_WARN_INT_CONVERSION = YES;
				CLANG_WARN_NON_LITERAL_NULL_CONVERSION = YES;
				CLANG_WARN_OBJC_IMPLICIT_RETAIN_SELF = YES;
				CLANG_WARN_OBJC_LITERAL_CONVERSION = YES;
				CLANG_WARN_OBJC_ROOT_CLASS = YES_ERROR;
				CLANG_WARN_QUOTED_INCLUDE_IN_FRAMEWORK_HEADER = YES;
				CLANG_WARN_RANGE_LOOP_ANALYSIS = YES;
				CLANG_WARN_STRICT_PROTOTYPES = YES;
				CLANG_WARN_SUSPICIOUS_MOVE = YES;
				CLANG_WARN_UNGUARDED_AVAILABILITY = YES_AGGRESSIVE;
				CLANG_WARN_UNREACHABLE_CODE = YES;
				CLANG_WARN__DUPLICATE_METHOD_MATCH = YES;
				COPY_PHASE_STRIP = NO;
				DEBUG_INFORMATION_FORMAT = "dwarf-with-dsym";
				ENABLE_NS_ASSERTIONS = NO;
				ENABLE_STRICT_OBJC_MSGSEND = YES;
				GCC_C_LANGUAGE_STANDARD = gnu11;
				GCC_NO_COMMON_BLOCKS = YES;
				GCC_WARN_64_TO_32_BIT_CONVERSION = YES;
				GCC_WARN_ABOUT_RETURN_TYPE = YES_ERROR;
				GCC_WARN_UNDECLARED_SELECTOR = YES;
				GCC_WARN_UNINITIALIZED_AUTOS = YES_AGGRESSIVE;
				GCC_WARN_UNUSED_FUNCTION = YES;
				GCC_WARN_UNUSED_VARIABLE = YES;
				IPHONEOS_DEPLOYMENT_TARGET = 16.4;
				MTL_ENABLE_DEBUG_INFO = NO;
				MTL_FAST_MATH = YES;
				SDKROOT = iphoneos;
				SWIFT_COMPILATION_MODE = wholemodule;
				SWIFT_OPTIMIZATION_LEVEL = "-O";
				VALIDATE_PRODUCT = YES;
			};
			name = Release;
		};
		E3B212462A4BF57C00E8797B /* Debug */ = {
			isa = XCBuildConfiguration;
			buildSettings = {
				ASSETCATALOG_COMPILER_APPICON_NAME = AppIcon;
				ASSETCATALOG_COMPILER_GLOBAL_ACCENT_COLOR_NAME = AccentColor;
				CODE_SIGN_STYLE = Automatic;
				CURRENT_PROJECT_VERSION = 1;
				GENERATE_INFOPLIST_FILE = YES;
				INFOPLIST_FILE = Tab/Info.plist;
				INFOPLIST_KEY_UIApplicationSupportsIndirectInputEvents = YES;
				INFOPLIST_KEY_UILaunchStoryboardName = LaunchScreen;
				INFOPLIST_KEY_UIMainStoryboardFile = Main;
				INFOPLIST_KEY_UISupportedInterfaceOrientations_iPad = "UIInterfaceOrientationPortrait UIInterfaceOrientationPortraitUpsideDown UIInterfaceOrientationLandscapeLeft UIInterfaceOrientationLandscapeRight";
				INFOPLIST_KEY_UISupportedInterfaceOrientations_iPhone = "UIInterfaceOrientationPortrait UIInterfaceOrientationLandscapeLeft UIInterfaceOrientationLandscapeRight";
				LD_RUNPATH_SEARCH_PATHS = (
					"$(inherited)",
					"@executable_path/Frameworks",
				);
				MARKETING_VERSION = 1.0;
				PRODUCT_BUNDLE_IDENTIFIER = ddwu.mobile.jinny.Tab;
				PRODUCT_NAME = "$(TARGET_NAME)";
				SWIFT_EMIT_LOC_STRINGS = YES;
				SWIFT_VERSION = 5.0;
				TARGETED_DEVICE_FAMILY = "1,2";
			};
			name = Debug;
		};
		E3B212472A4BF57C00E8797B /* Release */ = {
			isa = XCBuildConfiguration;
			buildSettings = {
				ASSETCATALOG_COMPILER_APPICON_NAME = AppIcon;
				ASSETCATALOG_COMPILER_GLOBAL_ACCENT_COLOR_NAME = AccentColor;
				CODE_SIGN_STYLE = Automatic;
				CURRENT_PROJECT_VERSION = 1;
				GENERATE_INFOPLIST_FILE = YES;
				INFOPLIST_FILE = Tab/Info.plist;
				INFOPLIST_KEY_UIApplicationSupportsIndirectInputEvents = YES;
				INFOPLIST_KEY_UILaunchStoryboardName = LaunchScreen;
				INFOPLIST_KEY_UIMainStoryboardFile = Main;
				INFOPLIST_KEY_UISupportedInterfaceOrientations_iPad = "UIInterfaceOrientationPortrait UIInterfaceOrientationPortraitUpsideDown UIInterfaceOrientationLandscapeLeft UIInterfaceOrientationLandscapeRight";
				INFOPLIST_KEY_UISupportedInterfaceOrientations_iPhone = "UIInterfaceOrientationPortrait UIInterfaceOrientationLandscapeLeft UIInterfaceOrientationLandscapeRight";
				LD_RUNPATH_SEARCH_PATHS = (
					"$(inherited)",
					"@executable_path/Frameworks",
				);
				MARKETING_VERSION = 1.0;
				PRODUCT_BUNDLE_IDENTIFIER = ddwu.mobile.jinny.Tab;
				PRODUCT_NAME = "$(TARGET_NAME)";
				SWIFT_EMIT_LOC_STRINGS = YES;
				SWIFT_VERSION = 5.0;
				TARGETED_DEVICE_FAMILY = "1,2";
			};
			name = Release;
		};
/* End XCBuildConfiguration section */

/* Begin XCConfigurationList section */
		E3B2122C2A4BF57C00E8797B /* Build configuration list for PBXProject "Tab" */ = {
			isa = XCConfigurationList;
			buildConfigurations = (
				E3B212432A4BF57C00E8797B /* Debug */,
				E3B212442A4BF57C00E8797B /* Release */,
			);
			defaultConfigurationIsVisible = 0;
			defaultConfigurationName = Release;
		};
		E3B212452A4BF57C00E8797B /* Build configuration list for PBXNativeTarget "Tab" */ = {
			isa = XCConfigurationList;
			buildConfigurations = (
				E3B212462A4BF57C00E8797B /* Debug */,
				E3B212472A4BF57C00E8797B /* Release */,
			);
			defaultConfigurationIsVisible = 0;
			defaultConfigurationName = Release;
		};
/* End XCConfigurationList section */
	};
	rootObject = E3B212292A4BF57C00E8797B /* Project object */;
}
